// !$*UTF8*$!
{
	archiveVersion = 1;
	classes = {
	};
	objectVersion = 46;
	objects = {

/* Begin PBXBuildFile section */
		8364B44E1D5EDCAC004F4A1A /* AppDelegate.swift in Sources */ = {isa = PBXBuildFile; fileRef = 8364B44D1D5EDCAC004F4A1A /* AppDelegate.swift */; };
		8364B4531D5EDCAC004F4A1A /* Main.storyboard in Resources */ = {isa = PBXBuildFile; fileRef = 8364B4511D5EDCAC004F4A1A /* Main.storyboard */; };
		8364B4551D5EDCAC004F4A1A /* Assets.xcassets in Resources */ = {isa = PBXBuildFile; fileRef = 8364B4541D5EDCAC004F4A1A /* Assets.xcassets */; };
		8364B4581D5EDCAC004F4A1A /* LaunchScreen.storyboard in Resources */ = {isa = PBXBuildFile; fileRef = 8364B4561D5EDCAC004F4A1A /* LaunchScreen.storyboard */; };
		83DC4CAF1D5F807F00939B82 /* CDH_BarButtonItemView.swift in Sources */ = {isa = PBXBuildFile; fileRef = 83DC4CAE1D5F807F00939B82 /* CDH_BarButtonItemView.swift */; };
		83DC4CB11D5F808900939B82 /* CDH_BarButtonItemView.xib in Resources */ = {isa = PBXBuildFile; fileRef = 83DC4CB01D5F808900939B82 /* CDH_BarButtonItemView.xib */; };
		83DC4CB31D5F95D000939B82 /* CDH_CategoryViewController.swift in Sources */ = {isa = PBXBuildFile; fileRef = 83DC4CB21D5F95D000939B82 /* CDH_CategoryViewController.swift */; };
		83E4DA4B1D5F77C500E42295 /* CDH_HomeViewController.swift in Sources */ = {isa = PBXBuildFile; fileRef = 83E4DA4A1D5F77C500E42295 /* CDH_HomeViewController.swift */; };
		83E4DA4D1D5F78D800E42295 /* CDH_NavigationController.swift in Sources */ = {isa = PBXBuildFile; fileRef = 83E4DA4C1D5F78D800E42295 /* CDH_NavigationController.swift */; };
/* End PBXBuildFile section */

/* Begin PBXFileReference section */
		8364B44A1D5EDCAC004F4A1A /* MeiTuan.app */ = {isa = PBXFileReference; explicitFileType = wrapper.application; includeInIndex = 0; path = MeiTuan.app; sourceTree = BUILT_PRODUCTS_DIR; };
		8364B44D1D5EDCAC004F4A1A /* AppDelegate.swift */ = {isa = PBXFileReference; lastKnownFileType = sourcecode.swift; path = AppDelegate.swift; sourceTree = "<group>"; };
		8364B4521D5EDCAC004F4A1A /* Base */ = {isa = PBXFileReference; lastKnownFileType = file.storyboard; name = Base; path = Base.lproj/Main.storyboard; sourceTree = "<group>"; };
		8364B4541D5EDCAC004F4A1A /* Assets.xcassets */ = {isa = PBXFileReference; lastKnownFileType = folder.assetcatalog; path = Assets.xcassets; sourceTree = "<group>"; };
		8364B4571D5EDCAC004F4A1A /* Base */ = {isa = PBXFileReference; lastKnownFileType = file.storyboard; name = Base; path = Base.lproj/LaunchScreen.storyboard; sourceTree = "<group>"; };
		8364B4591D5EDCAC004F4A1A /* Info.plist */ = {isa = PBXFileReference; lastKnownFileType = text.plist.xml; path = Info.plist; sourceTree = "<group>"; };
		83DC4CAE1D5F807F00939B82 /* CDH_BarButtonItemView.swift */ = {isa = PBXFileReference; fileEncoding = 4; lastKnownFileType = sourcecode.swift; path = CDH_BarButtonItemView.swift; sourceTree = "<group>"; };
		83DC4CB01D5F808900939B82 /* CDH_BarButtonItemView.xib */ = {isa = PBXFileReference; fileEncoding = 4; lastKnownFileType = file.xib; path = CDH_BarButtonItemView.xib; sourceTree = "<group>"; };
		83DC4CB21D5F95D000939B82 /* CDH_CategoryViewController.swift */ = {isa = PBXFileReference; fileEncoding = 4; lastKnownFileType = sourcecode.swift; path = CDH_CategoryViewController.swift; sourceTree = "<group>"; };
		83E4DA4A1D5F77C500E42295 /* CDH_HomeViewController.swift */ = {isa = PBXFileReference; fileEncoding = 4; lastKnownFileType = sourcecode.swift; path = CDH_HomeViewController.swift; sourceTree = "<group>"; };
		83E4DA4C1D5F78D800E42295 /* CDH_NavigationController.swift */ = {isa = PBXFileReference; fileEncoding = 4; lastKnownFileType = sourcecode.swift; path = CDH_NavigationController.swift; sourceTree = "<group>"; };
/* End PBXFileReference section */

/* Begin PBXFrameworksBuildPhase section */
		8364B4471D5EDCAC004F4A1A /* Frameworks */ = {
			isa = PBXFrameworksBuildPhase;
			buildActionMask = 2147483647;
			files = (
			);
			runOnlyForDeploymentPostprocessing = 0;
		};
/* End PBXFrameworksBuildPhase section */

/* Begin PBXGroup section */
		8364B4411D5EDCAC004F4A1A = {
			isa = PBXGroup;
			children = (
				8364B44C1D5EDCAC004F4A1A /* MeiTuan */,
				8364B44B1D5EDCAC004F4A1A /* Products */,
			);
			sourceTree = "<group>";
		};
		8364B44B1D5EDCAC004F4A1A /* Products */ = {
			isa = PBXGroup;
			children = (
				8364B44A1D5EDCAC004F4A1A /* MeiTuan.app */,
			);
			name = Products;
			sourceTree = "<group>";
		};
		8364B44C1D5EDCAC004F4A1A /* MeiTuan */ = {
			isa = PBXGroup;
			children = (
				8364B45F1D5EDD4B004F4A1A /* Classes */,
				8364B44D1D5EDCAC004F4A1A /* AppDelegate.swift */,
				8364B4511D5EDCAC004F4A1A /* Main.storyboard */,
				8364B4541D5EDCAC004F4A1A /* Assets.xcassets */,
				8364B4561D5EDCAC004F4A1A /* LaunchScreen.storyboard */,
				8364B4591D5EDCAC004F4A1A /* Info.plist */,
			);
			path = MeiTuan;
			sourceTree = "<group>";
		};
		8364B45F1D5EDD4B004F4A1A /* Classes */ = {
			isa = PBXGroup;
			children = (
				8364B4671D5EDD5C004F4A1A /* Tools */,
				8364B4601D5EDD4B004F4A1A /* Categorys */,
				8364B4611D5EDD4B004F4A1A /* Controllers */,
				8364B4631D5EDD4B004F4A1A /* Model */,
				8364B4641D5EDD4B004F4A1A /* Others */,
				8364B4651D5EDD4B004F4A1A /* Views */,
			);
			path = Classes;
			sourceTree = "<group>";
		};
		8364B4601D5EDD4B004F4A1A /* Categorys */ = {
			isa = PBXGroup;
			children = (
			);
			path = Categorys;
			sourceTree = "<group>";
		};
		8364B4611D5EDD4B004F4A1A /* Controllers */ = {
			isa = PBXGroup;
			children = (
				83E4DA4C1D5F78D800E42295 /* CDH_NavigationController.swift */,
				83E4DA4A1D5F77C500E42295 /* CDH_HomeViewController.swift */,
				83DC4CB21D5F95D000939B82 /* CDH_CategoryViewController.swift */,
			);
			path = Controllers;
			sourceTree = "<group>";
		};
		8364B4631D5EDD4B004F4A1A /* Model */ = {
			isa = PBXGroup;
			children = (
			);
			path = Model;
			sourceTree = "<group>";
		};
		8364B4641D5EDD4B004F4A1A /* Others */ = {
			isa = PBXGroup;
			children = (
			);
			path = Others;
			sourceTree = "<group>";
		};
		8364B4651D5EDD4B004F4A1A /* Views */ = {
			isa = PBXGroup;
			children = (
				83DC4CAE1D5F807F00939B82 /* CDH_BarButtonItemView.swift */,
				83DC4CB01D5F808900939B82 /* CDH_BarButtonItemView.xib */,
			);
			path = Views;
			sourceTree = "<group>";
		};
		8364B4671D5EDD5C004F4A1A /* Tools */ = {
			isa = PBXGroup;
			children = (
			);
			path = Tools;
			sourceTree = "<group>";
		};
/* End PBXGroup section */

/* Begin PBXNativeTarget section */
		8364B4491D5EDCAC004F4A1A /* MeiTuan */ = {
			isa = PBXNativeTarget;
			buildConfigurationList = 8364B45C1D5EDCAC004F4A1A /* Build configuration list for PBXNativeTarget "MeiTuan" */;
			buildPhases = (
				8364B4461D5EDCAC004F4A1A /* Sources */,
				8364B4471D5EDCAC004F4A1A /* Frameworks */,
				8364B4481D5EDCAC004F4A1A /* Resources */,
			);
			buildRules = (
			);
			dependencies = (
			);
			name = MeiTuan;
			productName = MeiTuan;
			productReference = 8364B44A1D5EDCAC004F4A1A /* MeiTuan.app */;
			productType = "com.apple.product-type.application";
		};
/* End PBXNativeTarget section */

/* Begin PBXProject section */
		8364B4421D5EDCAC004F4A1A /* Project object */ = {
			isa = PBXProject;
			attributes = {
				CLASSPREFIX = CDH_;
				LastSwiftUpdateCheck = 0730;
				LastUpgradeCheck = 0730;
				ORGANIZATIONNAME = CDHao;
				TargetAttributes = {
					8364B4491D5EDCAC004F4A1A = {
						CreatedOnToolsVersion = 7.3.1;
					};
				};
			};
			buildConfigurationList = 8364B4451D5EDCAC004F4A1A /* Build configuration list for PBXProject "MeiTuan" */;
			compatibilityVersion = "Xcode 3.2";
			developmentRegion = English;
			hasScannedForEncodings = 0;
			knownRegions = (
				en,
				Base,
			);
			mainGroup = 8364B4411D5EDCAC004F4A1A;
			productRefGroup = 8364B44B1D5EDCAC004F4A1A /* Products */;
			projectDirPath = "";
			projectRoot = "";
			targets = (
				8364B4491D5EDCAC004F4A1A /* MeiTuan */,
			);
		};
/* End PBXProject section */

/* Begin PBXResourcesBuildPhase section */
		8364B4481D5EDCAC004F4A1A /* Resources */ = {
			isa = PBXResourcesBuildPhase;
			buildActionMask = 2147483647;
			files = (
				8364B4581D5EDCAC004F4A1A /* LaunchScreen.storyboard in Resources */,
				8364B4551D5EDCAC004F4A1A /* Assets.xcassets in Resources */,
				8364B4531D5EDCAC004F4A1A /* Main.storyboard in Resources */,
				83DC4CB11D5F808900939B82 /* CDH_BarButtonItemView.xib in Resources */,
			);
			runOnlyForDeploymentPostprocessing = 0;
		};
/* End PBXResourcesBuildPhase section */

/* Begin PBXSourcesBuildPhase section */
		8364B4461D5EDCAC004F4A1A /* Sources */ = {
			isa = PBXSourcesBuildPhase;
			buildActionMask = 2147483647;
			files = (
				8364B44E1D5EDCAC004F4A1A /* AppDelegate.swift in Sources */,
				83DC4CB31D5F95D000939B82 /* CDH_CategoryViewController.swift in Sources */,
				83E4DA4B1D5F77C500E42295 /* CDH_HomeViewController.swift in Sources */,
				83E4DA4D1D5F78D800E42295 /* CDH_NavigationController.swift in Sources */,
				83DC4CAF1D5F807F00939B82 /* CDH_BarButtonItemView.swift in Sources */,
			);
			runOnlyForDeploymentPostprocessing = 0;
		};
/* End PBXSourcesBuildPhase section */

/* Begin PBXVariantGroup section */
		8364B4511D5EDCAC004F4A1A /* Main.storyboard */ = {
			isa = PBXVariantGroup;
			children = (
				8364B4521D5EDCAC004F4A1A /* Base */,
			);
			name = Main.storyboard;
			sourceTree = "<group>";
		};
		8364B4561D5EDCAC004F4A1A /* LaunchScreen.storyboard */ = {
			isa = PBXVariantGroup;
			children = (
				8364B4571D5EDCAC004F4A1A /* Base */,
			);
			name = LaunchScreen.storyboard;
			sourceTree = "<group>";
		};
/* End PBXVariantGroup section */

/* Begin XCBuildConfiguration section */
		8364B45A1D5EDCAC004F4A1A /* Debug */ = {
			isa = XCBuildConfiguration;
			buildSettings = {
				ALWAYS_SEARCH_USER_PATHS = NO;
				CLANG_ANALYZER_NONNULL = YES;
				CLANG_CXX_LANGUAGE_STANDARD = "gnu++0x";
				CLANG_CXX_LIBRARY = "libc++";
				CLANG_ENABLE_MODULES = YES;
				CLANG_ENABLE_OBJC_ARC = YES;
				CLANG_WARN_BOOL_CONVERSION = YES;
				CLANG_WARN_CONSTANT_CONVERSION = YES;
				CLANG_WARN_DIRECT_OBJC_ISA_USAGE = YES_ERROR;
				CLANG_WARN_EMPTY_BODY = YES;
				CLANG_WARN_ENUM_CONVERSION = YES;
				CLANG_WARN_INT_CONVERSION = YES;
				CLANG_WARN_OBJC_ROOT_CLASS = YES_ERROR;
				CLANG_WARN_UNREACHABLE_CODE = YES;
				CLANG_WARN__DUPLICATE_METHOD_MATCH = YES;
				"CODE_SIGN_IDENTITY[sdk=iphoneos*]" = "iPhone Developer";
				COPY_PHASE_STRIP = NO;
				DEBUG_INFORMATION_FORMAT = dwarf;
				ENABLE_STRICT_OBJC_MSGSEND = YES;
				ENABLE_TESTABILITY = YES;
				GCC_C_LANGUAGE_STANDARD = gnu99;
				GCC_DYNAMIC_NO_PIC = NO;
				GCC_NO_COMMON_BLOCKS = YES;
				GCC_OPTIMIZATION_LEVEL = 0;
				GCC_PREPROCESSOR_DEFINITIONS = (
					"DEBUG=1",
					"$(inherited)",
				);
				GCC_WARN_64_TO_32_BIT_CONVERSION = YES;
				GCC_WARN_ABOUT_RETURN_TYPE = YES_ERROR;
				GCC_WARN_UNDECLARED_SELECTOR = YES;
				GCC_WARN_UNINITIALIZED_AUTOS = YES_AGGRESSIVE;
				GCC_WARN_UNUSED_FUNCTION = YES;
				GCC_WARN_UNUSED_VARIABLE = YES;
				IPHONEOS_DEPLOYMENT_TARGET = 9.3;
				MTL_ENABLE_DEBUG_INFO = YES;
				ONLY_ACTIVE_ARCH = YES;
				SDKROOT = iphoneos;
				SWIFT_OPTIMIZATION_LEVEL = "-Onone";
				TARGETED_DEVICE_FAMILY = 2;
			};
			name = Debug;
		};
		8364B45B1D5EDCAC004F4A1A /* Release */ = {
			isa = XCBuildConfiguration;
			buildSettings = {
				ALWAYS_SEARCH_USER_PATHS = NO;
				CLANG_ANALYZER_NONNULL = YES;
				CLANG_CXX_LANGUAGE_STANDARD = "gnu++0x";
				CLANG_CXX_LIBRARY = "libc++";
				CLANG_ENABLE_MODULES = YES;
				CLANG_ENABLE_OBJC_ARC = YES;
				CLANG_WARN_BOOL_CONVERSION = YES;
				CLANG_WARN_CONSTANT_CONVERSION = YES;
				CLANG_WARN_DIRECT_OBJC_ISA_USAGE = YES_ERROR;
				CLANG_WARN_EMPTY_BODY = YES;
				CLANG_WARN_ENUM_CONVERSION = YES;
				CLANG_WARN_INT_CONVERSION = YES;
				CLANG_WARN_OBJC_ROOT_CLASS = YES_ERROR;
				CLANG_WARN_UNREACHABLE_CODE = YES;
				CLANG_WARN__DUPLICATE_METHOD_MATCH = YES;
				"CODE_SIGN_IDENTITY[sdk=iphoneos*]" = "iPhone Developer";
				COPY_PHASE_STRIP = NO;
				DEBUG_INFORMATION_FORMAT = "dwarf-with-dsym";
				ENABLE_NS_ASSERTIONS = NO;
				ENABLE_STRICT_OBJC_MSGSEND = YES;
				GCC_C_LANGUAGE_STANDARD = gnu99;
				GCC_NO_COMMON_BLOCKS = YES;
				GCC_WARN_64_TO_32_BIT_CONVERSION = YES;
				GCC_WARN_ABOUT_RETURN_TYPE = YES_ERROR;
				GCC_WARN_UNDECLARED_SELECTOR = YES;
				GCC_WARN_UNINITIALIZED_AUTOS = YES_AGGRESSIVE;
				GCC_WARN_UNUSED_FUNCTION = YES;
				GCC_WARN_UNUSED_VARIABLE = YES;
				IPHONEOS_DEPLOYMENT_TARGET = 9.3;
				MTL_ENABLE_DEBUG_INFO = NO;
				SDKROOT = iphoneos;
				TARGETED_DEVICE_FAMILY = 2;
				VALIDATE_PRODUCT = YES;
			};
			name = Release;
		};
		8364B45D1D5EDCAC004F4A1A /* Debug */ = {
			isa = XCBuildConfiguration;
			buildSettings = {
				ASSETCATALOG_COMPILER_APPICON_NAME = AppIcon;
				ASSETCATALOG_COMPILER_LAUNCHIMAGE_NAME = "Brand Assets";
				INFOPLIST_FILE = MeiTuan/Info.plist;
				LD_RUNPATH_SEARCH_PATHS = "$(inherited) @executable_path/Frameworks";
				PRODUCT_BUNDLE_IDENTIFIER = com.chendehao.MeiTuan;
				PRODUCT_NAME = "$(TARGET_NAME)";
			};
			name = Debug;
		};
		8364B45E1D5EDCAC004F4A1A /* Release */ = {
			isa = XCBuildConfiguration;
			buildSettings = {
				ASSETCATALOG_COMPILER_APPICON_NAME = AppIcon;
				ASSETCATALOG_COMPILER_LAUNCHIMAGE_NAME = "Brand Assets";
				INFOPLIST_FILE = MeiTuan/Info.plist;
				LD_RUNPATH_SEARCH_PATHS = "$(inherited) @executable_path/Frameworks";
				PRODUCT_BUNDLE_IDENTIFIER = com.chendehao.MeiTuan;
				PRODUCT_NAME = "$(TARGET_NAME)";
			};
			name = Release;
		};
/* End XCBuildConfiguration section */

/* Begin XCConfigurationList section */
		8364B4451D5EDCAC004F4A1A /* Build configuration list for PBXProject "MeiTuan" */ = {
			isa = XCConfigurationList;
			buildConfigurations = (
				8364B45A1D5EDCAC004F4A1A /* Debug */,
				8364B45B1D5EDCAC004F4A1A /* Release */,
			);
			defaultConfigurationIsVisible = 0;
			defaultConfigurationName = Release;
		};
		8364B45C1D5EDCAC004F4A1A /* Build configuration list for PBXNativeTarget "MeiTuan" */ = {
			isa = XCConfigurationList;
			buildConfigurations = (
				8364B45D1D5EDCAC004F4A1A /* Debug */,
				8364B45E1D5EDCAC004F4A1A /* Release */,
			);
			defaultConfigurationIsVisible = 0;
			defaultConfigurationName = Release;
		};
/* End XCConfigurationList section */
	};
	rootObject = 8364B4421D5EDCAC004F4A1A /* Project object */;
}
